
Microsoft Visual Studio Solution File, Format Version 12.00
# Visual Studio 15
VisualStudioVersion = 15.0.27130.2026
MinimumVisualStudioVersion = 10.0.40219.1
Project("{FAE04EC0-301F-11D3-BF4B-00C04F79EFBC}") = "FluxInfoApp", "FluxInfoApp\FluxInfoApp.csproj", "{6578CB04-70CD-4FBE-9B6E-01C2227BEE9C}"
EndProject
Project("{FAE04EC0-301F-11D3-BF4B-00C04F79EFBC}") = "Trieur", "Trieur\Trieur.csproj", "{C2853424-203B-43A5-8015-43C5BDABC3D3}"
EndProject
Project("{FAE04EC0-301F-11D3-BF4B-00C04F79EFBC}") = "PersistanceLocale", "PersistanceLocale\PersistanceLocale.csproj", "{74ED8488-95E7-4490-BBBD-AEC73C578744}"
EndProject
Project("{FAE04EC0-301F-11D3-BF4B-00C04F79EFBC}") = "TestUnitaire", "TestUnitaire\TestUnitaire.csproj", "{9E6321CA-2658-43C6-92A9-656CB42F6A71}"
EndProject
Project("{FAE04EC0-301F-11D3-BF4B-00C04F79EFBC}") = "FluxInfoUWP", "FluxInfoUWP\FluxInfoUWP.csproj", "{2607A9AC-21FD-4786-A576-E8A658B718DD}"
EndProject
Project("{FAE04EC0-301F-11D3-BF4B-00C04F79EFBC}") = "FluxInfoStandard", "FluxInfoStandard\FluxInfoStandard.csproj", "{75D4A4D5-CFA5-427A-ACD2-DD62EE68D4F4}"
EndProject
Project("{FAE04EC0-301F-11D3-BF4B-00C04F79EFBC}") = "StubStandard", "StubStandard\StubStandard.csproj", "{E7C63355-AE7A-4E57-9B69-47AC22297752}"
EndProject
Project("{FAE04EC0-301F-11D3-BF4B-00C04F79EFBC}") = "RssParserStandard", "RssParserStandard\RssParserStandard.csproj", "{26704106-C759-46E4-ADC9-7B38A16D4150}"
EndProject
Project("{FAE04EC0-301F-11D3-BF4B-00C04F79EFBC}") = "PersistanceStandard", "PersistanceStandard\PersistanceStandard.csproj", "{DA7490AE-29AA-4C4E-9C4E-EB4ECBBB323B}"
EndProject
Project("{FAE04EC0-301F-11D3-BF4B-00C04F79EFBC}") = "FluxInfoMobile.Android", "FluxInfoMobile\FluxInfoMobile.Android\FluxInfoMobile.Android.csproj", "{BBEB51B0-6F79-4419-B9CE-3BE85EEF8E0A}"
EndProject
Project("{FAE04EC0-301F-11D3-BF4B-00C04F79EFBC}") = "FluxInfoMobile.iOS", "FluxInfoMobile\FluxInfoMobile.iOS\FluxInfoMobile.iOS.csproj", "{A51091E9-349F-4263-A152-B2FA66E21C33}"
EndProject
Project("{FAE04EC0-301F-11D3-BF4B-00C04F79EFBC}") = "FluxInfoMobile.UWP", "FluxInfoMobile\FluxInfoMobile.UWP\FluxInfoMobile.UWP.csproj", "{87321BE5-4340-41F4-990B-A154B62B550B}"
EndProject
Project("{FAE04EC0-301F-11D3-BF4B-00C04F79EFBC}") = "FluxInfoMobile", "FluxInfoMobile\FluxInfoMobile\FluxInfoMobile.csproj", "{B51385FD-0878-4887-8D4D-B8F15464267A}"
EndProject
Project("{2150E333-8FDC-42A3-9474-1A3956D46DE8}") = "Platformes", "Platformes", "{5ACCC2CC-4456-43CC-8E57-626BB1FFF49D}"
EndProject
Global
	GlobalSection(SolutionConfigurationPlatforms) = preSolution
		Ad-Hoc|Any CPU = Ad-Hoc|Any CPU
		Ad-Hoc|ARM = Ad-Hoc|ARM
		Ad-Hoc|iPhone = Ad-Hoc|iPhone
		Ad-Hoc|iPhoneSimulator = Ad-Hoc|iPhoneSimulator
		Ad-Hoc|x64 = Ad-Hoc|x64
		Ad-Hoc|x86 = Ad-Hoc|x86
		AppStore|Any CPU = AppStore|Any CPU
		AppStore|ARM = AppStore|ARM
		AppStore|iPhone = AppStore|iPhone
		AppStore|iPhoneSimulator = AppStore|iPhoneSimulator
		AppStore|x64 = AppStore|x64
		AppStore|x86 = AppStore|x86
		Debug|Any CPU = Debug|Any CPU
		Debug|ARM = Debug|ARM
		Debug|iPhone = Debug|iPhone
		Debug|iPhoneSimulator = Debug|iPhoneSimulator
		Debug|x64 = Debug|x64
		Debug|x86 = Debug|x86
		Release|Any CPU = Release|Any CPU
		Release|ARM = Release|ARM
		Release|iPhone = Release|iPhone
		Release|iPhoneSimulator = Release|iPhoneSimulator
		Release|x64 = Release|x64
		Release|x86 = Release|x86
	EndGlobalSection
	GlobalSection(ProjectConfigurationPlatforms) = postSolution
		{6578CB04-70CD-4FBE-9B6E-01C2227BEE9C}.Ad-Hoc|Any CPU.ActiveCfg = Release|Any CPU
		{6578CB04-70CD-4FBE-9B6E-01C2227BEE9C}.Ad-Hoc|Any CPU.Build.0 = Release|Any CPU
		{6578CB04-70CD-4FBE-9B6E-01C2227BEE9C}.Ad-Hoc|ARM.ActiveCfg = Release|Any CPU
		{6578CB04-70CD-4FBE-9B6E-01C2227BEE9C}.Ad-Hoc|ARM.Build.0 = Release|Any CPU
		{6578CB04-70CD-4FBE-9B6E-01C2227BEE9C}.Ad-Hoc|iPhone.ActiveCfg = Release|Any CPU
		{6578CB04-70CD-4FBE-9B6E-01C2227BEE9C}.Ad-Hoc|iPhone.Build.0 = Release|Any CPU
		{6578CB04-70CD-4FBE-9B6E-01C2227BEE9C}.Ad-Hoc|iPhoneSimulator.ActiveCfg = Release|Any CPU
		{6578CB04-70CD-4FBE-9B6E-01C2227BEE9C}.Ad-Hoc|iPhoneSimulator.Build.0 = Release|Any CPU
		{6578CB04-70CD-4FBE-9B6E-01C2227BEE9C}.Ad-Hoc|x64.ActiveCfg = Release|Any CPU
		{6578CB04-70CD-4FBE-9B6E-01C2227BEE9C}.Ad-Hoc|x64.Build.0 = Release|Any CPU
		{6578CB04-70CD-4FBE-9B6E-01C2227BEE9C}.Ad-Hoc|x86.ActiveCfg = Release|Any CPU
		{6578CB04-70CD-4FBE-9B6E-01C2227BEE9C}.Ad-Hoc|x86.Build.0 = Release|Any CPU
		{6578CB04-70CD-4FBE-9B6E-01C2227BEE9C}.AppStore|Any CPU.ActiveCfg = Release|Any CPU
		{6578CB04-70CD-4FBE-9B6E-01C2227BEE9C}.AppStore|Any CPU.Build.0 = Release|Any CPU
		{6578CB04-70CD-4FBE-9B6E-01C2227BEE9C}.AppStore|ARM.ActiveCfg = Release|Any CPU
		{6578CB04-70CD-4FBE-9B6E-01C2227BEE9C}.AppStore|ARM.Build.0 = Release|Any CPU
		{6578CB04-70CD-4FBE-9B6E-01C2227BEE9C}.AppStore|iPhone.ActiveCfg = Release|Any CPU
		{6578CB04-70CD-4FBE-9B6E-01C2227BEE9C}.AppStore|iPhone.Build.0 = Release|Any CPU
		{6578CB04-70CD-4FBE-9B6E-01C2227BEE9C}.AppStore|iPhoneSimulator.ActiveCfg = Release|Any CPU
		{6578CB04-70CD-4FBE-9B6E-01C2227BEE9C}.AppStore|iPhoneSimulator.Build.0 = Release|Any CPU
		{6578CB04-70CD-4FBE-9B6E-01C2227BEE9C}.AppStore|x64.ActiveCfg = Release|Any CPU
		{6578CB04-70CD-4FBE-9B6E-01C2227BEE9C}.AppStore|x64.Build.0 = Release|Any CPU
		{6578CB04-70CD-4FBE-9B6E-01C2227BEE9C}.AppStore|x86.ActiveCfg = Release|Any CPU
		{6578CB04-70CD-4FBE-9B6E-01C2227BEE9C}.AppStore|x86.Build.0 = Release|Any CPU
		{6578CB04-70CD-4FBE-9B6E-01C2227BEE9C}.Debug|Any CPU.ActiveCfg = Debug|Any CPU
		{6578CB04-70CD-4FBE-9B6E-01C2227BEE9C}.Debug|Any CPU.Build.0 = Debug|Any CPU
		{6578CB04-70CD-4FBE-9B6E-01C2227BEE9C}.Debug|ARM.ActiveCfg = Debug|Any CPU
		{6578CB04-70CD-4FBE-9B6E-01C2227BEE9C}.Debug|ARM.Build.0 = Debug|Any CPU
		{6578CB04-70CD-4FBE-9B6E-01C2227BEE9C}.Debug|iPhone.ActiveCfg = Debug|Any CPU
		{6578CB04-70CD-4FBE-9B6E-01C2227BEE9C}.Debug|iPhone.Build.0 = Debug|Any CPU
		{6578CB04-70CD-4FBE-9B6E-01C2227BEE9C}.Debug|iPhoneSimulator.ActiveCfg = Debug|Any CPU
		{6578CB04-70CD-4FBE-9B6E-01C2227BEE9C}.Debug|iPhoneSimulator.Build.0 = Debug|Any CPU
		{6578CB04-70CD-4FBE-9B6E-01C2227BEE9C}.Debug|x64.ActiveCfg = Debug|Any CPU
		{6578CB04-70CD-4FBE-9B6E-01C2227BEE9C}.Debug|x64.Build.0 = Debug|Any CPU
		{6578CB04-70CD-4FBE-9B6E-01C2227BEE9C}.Debug|x86.ActiveCfg = Debug|Any CPU
		{6578CB04-70CD-4FBE-9B6E-01C2227BEE9C}.Debug|x86.Build.0 = Debug|Any CPU
		{6578CB04-70CD-4FBE-9B6E-01C2227BEE9C}.Release|Any CPU.ActiveCfg = Release|Any CPU
		{6578CB04-70CD-4FBE-9B6E-01C2227BEE9C}.Release|Any CPU.Build.0 = Release|Any CPU
		{6578CB04-70CD-4FBE-9B6E-01C2227BEE9C}.Release|ARM.ActiveCfg = Release|Any CPU
		{6578CB04-70CD-4FBE-9B6E-01C2227BEE9C}.Release|ARM.Build.0 = Release|Any CPU
		{6578CB04-70CD-4FBE-9B6E-01C2227BEE9C}.Release|iPhone.ActiveCfg = Release|Any CPU
		{6578CB04-70CD-4FBE-9B6E-01C2227BEE9C}.Release|iPhone.Build.0 = Release|Any CPU
		{6578CB04-70CD-4FBE-9B6E-01C2227BEE9C}.Release|iPhoneSimulator.ActiveCfg = Release|Any CPU
		{6578CB04-70CD-4FBE-9B6E-01C2227BEE9C}.Release|iPhoneSimulator.Build.0 = Release|Any CPU
		{6578CB04-70CD-4FBE-9B6E-01C2227BEE9C}.Release|x64.ActiveCfg = Release|Any CPU
		{6578CB04-70CD-4FBE-9B6E-01C2227BEE9C}.Release|x64.Build.0 = Release|Any CPU
		{6578CB04-70CD-4FBE-9B6E-01C2227BEE9C}.Release|x86.ActiveCfg = Release|Any CPU
		{6578CB04-70CD-4FBE-9B6E-01C2227BEE9C}.Release|x86.Build.0 = Release|Any CPU
		{C2853424-203B-43A5-8015-43C5BDABC3D3}.Ad-Hoc|Any CPU.ActiveCfg = Release|Any CPU
		{C2853424-203B-43A5-8015-43C5BDABC3D3}.Ad-Hoc|Any CPU.Build.0 = Release|Any CPU
		{C2853424-203B-43A5-8015-43C5BDABC3D3}.Ad-Hoc|ARM.ActiveCfg = Release|Any CPU
		{C2853424-203B-43A5-8015-43C5BDABC3D3}.Ad-Hoc|ARM.Build.0 = Release|Any CPU
		{C2853424-203B-43A5-8015-43C5BDABC3D3}.Ad-Hoc|iPhone.ActiveCfg = Release|Any CPU
		{C2853424-203B-43A5-8015-43C5BDABC3D3}.Ad-Hoc|iPhone.Build.0 = Release|Any CPU
		{C2853424-203B-43A5-8015-43C5BDABC3D3}.Ad-Hoc|iPhoneSimulator.ActiveCfg = Release|Any CPU
		{C2853424-203B-43A5-8015-43C5BDABC3D3}.Ad-Hoc|iPhoneSimulator.Build.0 = Release|Any CPU
		{C2853424-203B-43A5-8015-43C5BDABC3D3}.Ad-Hoc|x64.ActiveCfg = Release|Any CPU
		{C2853424-203B-43A5-8015-43C5BDABC3D3}.Ad-Hoc|x64.Build.0 = Release|Any CPU
		{C2853424-203B-43A5-8015-43C5BDABC3D3}.Ad-Hoc|x86.ActiveCfg = Release|Any CPU
		{C2853424-203B-43A5-8015-43C5BDABC3D3}.Ad-Hoc|x86.Build.0 = Release|Any CPU
		{C2853424-203B-43A5-8015-43C5BDABC3D3}.AppStore|Any CPU.ActiveCfg = Release|Any CPU
		{C2853424-203B-43A5-8015-43C5BDABC3D3}.AppStore|Any CPU.Build.0 = Release|Any CPU
		{C2853424-203B-43A5-8015-43C5BDABC3D3}.AppStore|ARM.ActiveCfg = Release|Any CPU
		{C2853424-203B-43A5-8015-43C5BDABC3D3}.AppStore|ARM.Build.0 = Release|Any CPU
		{C2853424-203B-43A5-8015-43C5BDABC3D3}.AppStore|iPhone.ActiveCfg = Release|Any CPU
		{C2853424-203B-43A5-8015-43C5BDABC3D3}.AppStore|iPhone.Build.0 = Release|Any CPU
		{C2853424-203B-43A5-8015-43C5BDABC3D3}.AppStore|iPhoneSimulator.ActiveCfg = Release|Any CPU
		{C2853424-203B-43A5-8015-43C5BDABC3D3}.AppStore|iPhoneSimulator.Build.0 = Release|Any CPU
		{C2853424-203B-43A5-8015-43C5BDABC3D3}.AppStore|x64.ActiveCfg = Release|Any CPU
		{C2853424-203B-43A5-8015-43C5BDABC3D3}.AppStore|x64.Build.0 = Release|Any CPU
		{C2853424-203B-43A5-8015-43C5BDABC3D3}.AppStore|x86.ActiveCfg = Release|Any CPU
		{C2853424-203B-43A5-8015-43C5BDABC3D3}.AppStore|x86.Build.0 = Release|Any CPU
		{C2853424-203B-43A5-8015-43C5BDABC3D3}.Debug|Any CPU.ActiveCfg = Debug|Any CPU
		{C2853424-203B-43A5-8015-43C5BDABC3D3}.Debug|Any CPU.Build.0 = Debug|Any CPU
		{C2853424-203B-43A5-8015-43C5BDABC3D3}.Debug|ARM.ActiveCfg = Debug|Any CPU
		{C2853424-203B-43A5-8015-43C5BDABC3D3}.Debug|ARM.Build.0 = Debug|Any CPU
		{C2853424-203B-43A5-8015-43C5BDABC3D3}.Debug|iPhone.ActiveCfg = Debug|Any CPU
		{C2853424-203B-43A5-8015-43C5BDABC3D3}.Debug|iPhone.Build.0 = Debug|Any CPU
		{C2853424-203B-43A5-8015-43C5BDABC3D3}.Debug|iPhoneSimulator.ActiveCfg = Debug|Any CPU
		{C2853424-203B-43A5-8015-43C5BDABC3D3}.Debug|iPhoneSimulator.Build.0 = Debug|Any CPU
		{C2853424-203B-43A5-8015-43C5BDABC3D3}.Debug|x64.ActiveCfg = Debug|Any CPU
		{C2853424-203B-43A5-8015-43C5BDABC3D3}.Debug|x64.Build.0 = Debug|Any CPU
		{C2853424-203B-43A5-8015-43C5BDABC3D3}.Debug|x86.ActiveCfg = Debug|Any CPU
		{C2853424-203B-43A5-8015-43C5BDABC3D3}.Debug|x86.Build.0 = Debug|Any CPU
		{C2853424-203B-43A5-8015-43C5BDABC3D3}.Release|Any CPU.ActiveCfg = Release|Any CPU
		{C2853424-203B-43A5-8015-43C5BDABC3D3}.Release|Any CPU.Build.0 = Release|Any CPU
		{C2853424-203B-43A5-8015-43C5BDABC3D3}.Release|ARM.ActiveCfg = Release|Any CPU
		{C2853424-203B-43A5-8015-43C5BDABC3D3}.Release|ARM.Build.0 = Release|Any CPU
		{C2853424-203B-43A5-8015-43C5BDABC3D3}.Release|iPhone.ActiveCfg = Release|Any CPU
		{C2853424-203B-43A5-8015-43C5BDABC3D3}.Release|iPhone.Build.0 = Release|Any CPU
		{C2853424-203B-43A5-8015-43C5BDABC3D3}.Release|iPhoneSimulator.ActiveCfg = Release|Any CPU
		{C2853424-203B-43A5-8015-43C5BDABC3D3}.Release|iPhoneSimulator.Build.0 = Release|Any CPU
		{C2853424-203B-43A5-8015-43C5BDABC3D3}.Release|x64.ActiveCfg = Release|Any CPU
		{C2853424-203B-43A5-8015-43C5BDABC3D3}.Release|x64.Build.0 = Release|Any CPU
		{C2853424-203B-43A5-8015-43C5BDABC3D3}.Release|x86.ActiveCfg = Release|Any CPU
		{C2853424-203B-43A5-8015-43C5BDABC3D3}.Release|x86.Build.0 = Release|Any CPU
		{74ED8488-95E7-4490-BBBD-AEC73C578744}.Ad-Hoc|Any CPU.ActiveCfg = Release|Any CPU
		{74ED8488-95E7-4490-BBBD-AEC73C578744}.Ad-Hoc|Any CPU.Build.0 = Release|Any CPU
		{74ED8488-95E7-4490-BBBD-AEC73C578744}.Ad-Hoc|ARM.ActiveCfg = Release|Any CPU
		{74ED8488-95E7-4490-BBBD-AEC73C578744}.Ad-Hoc|ARM.Build.0 = Release|Any CPU
		{74ED8488-95E7-4490-BBBD-AEC73C578744}.Ad-Hoc|iPhone.ActiveCfg = Release|Any CPU
		{74ED8488-95E7-4490-BBBD-AEC73C578744}.Ad-Hoc|iPhone.Build.0 = Release|Any CPU
		{74ED8488-95E7-4490-BBBD-AEC73C578744}.Ad-Hoc|iPhoneSimulator.ActiveCfg = Release|Any CPU
		{74ED8488-95E7-4490-BBBD-AEC73C578744}.Ad-Hoc|iPhoneSimulator.Build.0 = Release|Any CPU
		{74ED8488-95E7-4490-BBBD-AEC73C578744}.Ad-Hoc|x64.ActiveCfg = Release|Any CPU
		{74ED8488-95E7-4490-BBBD-AEC73C578744}.Ad-Hoc|x64.Build.0 = Release|Any CPU
		{74ED8488-95E7-4490-BBBD-AEC73C578744}.Ad-Hoc|x86.ActiveCfg = Release|Any CPU
		{74ED8488-95E7-4490-BBBD-AEC73C578744}.Ad-Hoc|x86.Build.0 = Release|Any CPU
		{74ED8488-95E7-4490-BBBD-AEC73C578744}.AppStore|Any CPU.ActiveCfg = Release|Any CPU
		{74ED8488-95E7-4490-BBBD-AEC73C578744}.AppStore|Any CPU.Build.0 = Release|Any CPU
		{74ED8488-95E7-4490-BBBD-AEC73C578744}.AppStore|ARM.ActiveCfg = Release|Any CPU
		{74ED8488-95E7-4490-BBBD-AEC73C578744}.AppStore|ARM.Build.0 = Release|Any CPU
		{74ED8488-95E7-4490-BBBD-AEC73C578744}.AppStore|iPhone.ActiveCfg = Release|Any CPU
		{74ED8488-95E7-4490-BBBD-AEC73C578744}.AppStore|iPhone.Build.0 = Release|Any CPU
		{74ED8488-95E7-4490-BBBD-AEC73C578744}.AppStore|iPhoneSimulator.ActiveCfg = Release|Any CPU
		{74ED8488-95E7-4490-BBBD-AEC73C578744}.AppStore|iPhoneSimulator.Build.0 = Release|Any CPU
		{74ED8488-95E7-4490-BBBD-AEC73C578744}.AppStore|x64.ActiveCfg = Release|Any CPU
		{74ED8488-95E7-4490-BBBD-AEC73C578744}.AppStore|x64.Build.0 = Release|Any CPU
		{74ED8488-95E7-4490-BBBD-AEC73C578744}.AppStore|x86.ActiveCfg = Release|Any CPU
		{74ED8488-95E7-4490-BBBD-AEC73C578744}.AppStore|x86.Build.0 = Release|Any CPU
		{74ED8488-95E7-4490-BBBD-AEC73C578744}.Debug|Any CPU.ActiveCfg = Debug|Any CPU
		{74ED8488-95E7-4490-BBBD-AEC73C578744}.Debug|Any CPU.Build.0 = Debug|Any CPU
		{74ED8488-95E7-4490-BBBD-AEC73C578744}.Debug|ARM.ActiveCfg = Debug|Any CPU
		{74ED8488-95E7-4490-BBBD-AEC73C578744}.Debug|ARM.Build.0 = Debug|Any CPU
		{74ED8488-95E7-4490-BBBD-AEC73C578744}.Debug|iPhone.ActiveCfg = Debug|Any CPU
		{74ED8488-95E7-4490-BBBD-AEC73C578744}.Debug|iPhone.Build.0 = Debug|Any CPU
		{74ED8488-95E7-4490-BBBD-AEC73C578744}.Debug|iPhoneSimulator.ActiveCfg = Debug|Any CPU
		{74ED8488-95E7-4490-BBBD-AEC73C578744}.Debug|iPhoneSimulator.Build.0 = Debug|Any CPU
		{74ED8488-95E7-4490-BBBD-AEC73C578744}.Debug|x64.ActiveCfg = Debug|Any CPU
		{74ED8488-95E7-4490-BBBD-AEC73C578744}.Debug|x64.Build.0 = Debug|Any CPU
		{74ED8488-95E7-4490-BBBD-AEC73C578744}.Debug|x86.ActiveCfg = Debug|Any CPU
		{74ED8488-95E7-4490-BBBD-AEC73C578744}.Debug|x86.Build.0 = Debug|Any CPU
		{74ED8488-95E7-4490-BBBD-AEC73C578744}.Release|Any CPU.ActiveCfg = Release|Any CPU
		{74ED8488-95E7-4490-BBBD-AEC73C578744}.Release|Any CPU.Build.0 = Release|Any CPU
		{74ED8488-95E7-4490-BBBD-AEC73C578744}.Release|ARM.ActiveCfg = Release|Any CPU
		{74ED8488-95E7-4490-BBBD-AEC73C578744}.Release|ARM.Build.0 = Release|Any CPU
		{74ED8488-95E7-4490-BBBD-AEC73C578744}.Release|iPhone.ActiveCfg = Release|Any CPU
		{74ED8488-95E7-4490-BBBD-AEC73C578744}.Release|iPhone.Build.0 = Release|Any CPU
		{74ED8488-95E7-4490-BBBD-AEC73C578744}.Release|iPhoneSimulator.ActiveCfg = Release|Any CPU
		{74ED8488-95E7-4490-BBBD-AEC73C578744}.Release|iPhoneSimulator.Build.0 = Release|Any CPU
		{74ED8488-95E7-4490-BBBD-AEC73C578744}.Release|x64.ActiveCfg = Release|Any CPU
		{74ED8488-95E7-4490-BBBD-AEC73C578744}.Release|x64.Build.0 = Release|Any CPU
		{74ED8488-95E7-4490-BBBD-AEC73C578744}.Release|x86.ActiveCfg = Release|Any CPU
		{74ED8488-95E7-4490-BBBD-AEC73C578744}.Release|x86.Build.0 = Release|Any CPU
		{9E6321CA-2658-43C6-92A9-656CB42F6A71}.Ad-Hoc|Any CPU.ActiveCfg = Release|Any CPU
		{9E6321CA-2658-43C6-92A9-656CB42F6A71}.Ad-Hoc|Any CPU.Build.0 = Release|Any CPU
		{9E6321CA-2658-43C6-92A9-656CB42F6A71}.Ad-Hoc|ARM.ActiveCfg = Release|Any CPU
		{9E6321CA-2658-43C6-92A9-656CB42F6A71}.Ad-Hoc|ARM.Build.0 = Release|Any CPU
		{9E6321CA-2658-43C6-92A9-656CB42F6A71}.Ad-Hoc|iPhone.ActiveCfg = Release|Any CPU
		{9E6321CA-2658-43C6-92A9-656CB42F6A71}.Ad-Hoc|iPhone.Build.0 = Release|Any CPU
		{9E6321CA-2658-43C6-92A9-656CB42F6A71}.Ad-Hoc|iPhoneSimulator.ActiveCfg = Release|Any CPU
		{9E6321CA-2658-43C6-92A9-656CB42F6A71}.Ad-Hoc|iPhoneSimulator.Build.0 = Release|Any CPU
		{9E6321CA-2658-43C6-92A9-656CB42F6A71}.Ad-Hoc|x64.ActiveCfg = Release|Any CPU
		{9E6321CA-2658-43C6-92A9-656CB42F6A71}.Ad-Hoc|x64.Build.0 = Release|Any CPU
		{9E6321CA-2658-43C6-92A9-656CB42F6A71}.Ad-Hoc|x86.ActiveCfg = Release|Any CPU
		{9E6321CA-2658-43C6-92A9-656CB42F6A71}.Ad-Hoc|x86.Build.0 = Release|Any CPU
		{9E6321CA-2658-43C6-92A9-656CB42F6A71}.AppStore|Any CPU.ActiveCfg = Release|Any CPU
		{9E6321CA-2658-43C6-92A9-656CB42F6A71}.AppStore|Any CPU.Build.0 = Release|Any CPU
		{9E6321CA-2658-43C6-92A9-656CB42F6A71}.AppStore|ARM.ActiveCfg = Release|Any CPU
		{9E6321CA-2658-43C6-92A9-656CB42F6A71}.AppStore|ARM.Build.0 = Release|Any CPU
		{9E6321CA-2658-43C6-92A9-656CB42F6A71}.AppStore|iPhone.ActiveCfg = Release|Any CPU
		{9E6321CA-2658-43C6-92A9-656CB42F6A71}.AppStore|iPhone.Build.0 = Release|Any CPU
		{9E6321CA-2658-43C6-92A9-656CB42F6A71}.AppStore|iPhoneSimulator.ActiveCfg = Release|Any CPU
		{9E6321CA-2658-43C6-92A9-656CB42F6A71}.AppStore|iPhoneSimulator.Build.0 = Release|Any CPU
		{9E6321CA-2658-43C6-92A9-656CB42F6A71}.AppStore|x64.ActiveCfg = Release|Any CPU
		{9E6321CA-2658-43C6-92A9-656CB42F6A71}.AppStore|x64.Build.0 = Release|Any CPU
		{9E6321CA-2658-43C6-92A9-656CB42F6A71}.AppStore|x86.ActiveCfg = Release|Any CPU
		{9E6321CA-2658-43C6-92A9-656CB42F6A71}.AppStore|x86.Build.0 = Release|Any CPU
		{9E6321CA-2658-43C6-92A9-656CB42F6A71}.Debug|Any CPU.ActiveCfg = Debug|Any CPU
		{9E6321CA-2658-43C6-92A9-656CB42F6A71}.Debug|Any CPU.Build.0 = Debug|Any CPU
		{9E6321CA-2658-43C6-92A9-656CB42F6A71}.Debug|ARM.ActiveCfg = Debug|Any CPU
		{9E6321CA-2658-43C6-92A9-656CB42F6A71}.Debug|ARM.Build.0 = Debug|Any CPU
		{9E6321CA-2658-43C6-92A9-656CB42F6A71}.Debug|iPhone.ActiveCfg = Debug|Any CPU
		{9E6321CA-2658-43C6-92A9-656CB42F6A71}.Debug|iPhone.Build.0 = Debug|Any CPU
		{9E6321CA-2658-43C6-92A9-656CB42F6A71}.Debug|iPhoneSimulator.ActiveCfg = Debug|Any CPU
		{9E6321CA-2658-43C6-92A9-656CB42F6A71}.Debug|iPhoneSimulator.Build.0 = Debug|Any CPU
		{9E6321CA-2658-43C6-92A9-656CB42F6A71}.Debug|x64.ActiveCfg = Debug|Any CPU
		{9E6321CA-2658-43C6-92A9-656CB42F6A71}.Debug|x64.Build.0 = Debug|Any CPU
		{9E6321CA-2658-43C6-92A9-656CB42F6A71}.Debug|x86.ActiveCfg = Debug|Any CPU
		{9E6321CA-2658-43C6-92A9-656CB42F6A71}.Debug|x86.Build.0 = Debug|Any CPU
		{9E6321CA-2658-43C6-92A9-656CB42F6A71}.Release|Any CPU.ActiveCfg = Release|Any CPU
		{9E6321CA-2658-43C6-92A9-656CB42F6A71}.Release|Any CPU.Build.0 = Release|Any CPU
		{9E6321CA-2658-43C6-92A9-656CB42F6A71}.Release|ARM.ActiveCfg = Release|Any CPU
		{9E6321CA-2658-43C6-92A9-656CB42F6A71}.Release|ARM.Build.0 = Release|Any CPU
		{9E6321CA-2658-43C6-92A9-656CB42F6A71}.Release|iPhone.ActiveCfg = Release|Any CPU
		{9E6321CA-2658-43C6-92A9-656CB42F6A71}.Release|iPhone.Build.0 = Release|Any CPU
		{9E6321CA-2658-43C6-92A9-656CB42F6A71}.Release|iPhoneSimulator.ActiveCfg = Release|Any CPU
		{9E6321CA-2658-43C6-92A9-656CB42F6A71}.Release|iPhoneSimulator.Build.0 = Release|Any CPU
		{9E6321CA-2658-43C6-92A9-656CB42F6A71}.Release|x64.ActiveCfg = Release|Any CPU
		{9E6321CA-2658-43C6-92A9-656CB42F6A71}.Release|x64.Build.0 = Release|Any CPU
		{9E6321CA-2658-43C6-92A9-656CB42F6A71}.Release|x86.ActiveCfg = Release|Any CPU
		{9E6321CA-2658-43C6-92A9-656CB42F6A71}.Release|x86.Build.0 = Release|Any CPU
		{2607A9AC-21FD-4786-A576-E8A658B718DD}.Ad-Hoc|Any CPU.ActiveCfg = Release|x64
		{2607A9AC-21FD-4786-A576-E8A658B718DD}.Ad-Hoc|Any CPU.Build.0 = Release|x64
		{2607A9AC-21FD-4786-A576-E8A658B718DD}.Ad-Hoc|Any CPU.Deploy.0 = Release|x64
		{2607A9AC-21FD-4786-A576-E8A658B718DD}.Ad-Hoc|ARM.ActiveCfg = Release|ARM
		{2607A9AC-21FD-4786-A576-E8A658B718DD}.Ad-Hoc|ARM.Build.0 = Release|ARM
		{2607A9AC-21FD-4786-A576-E8A658B718DD}.Ad-Hoc|ARM.Deploy.0 = Release|ARM
		{2607A9AC-21FD-4786-A576-E8A658B718DD}.Ad-Hoc|iPhone.ActiveCfg = Release|x64
		{2607A9AC-21FD-4786-A576-E8A658B718DD}.Ad-Hoc|iPhone.Build.0 = Release|x64
		{2607A9AC-21FD-4786-A576-E8A658B718DD}.Ad-Hoc|iPhone.Deploy.0 = Release|x64
		{2607A9AC-21FD-4786-A576-E8A658B718DD}.Ad-Hoc|iPhoneSimulator.ActiveCfg = Release|x64
		{2607A9AC-21FD-4786-A576-E8A658B718DD}.Ad-Hoc|iPhoneSimulator.Build.0 = Release|x64
		{2607A9AC-21FD-4786-A576-E8A658B718DD}.Ad-Hoc|iPhoneSimulator.Deploy.0 = Release|x64
		{2607A9AC-21FD-4786-A576-E8A658B718DD}.Ad-Hoc|x64.ActiveCfg = Release|x64
		{2607A9AC-21FD-4786-A576-E8A658B718DD}.Ad-Hoc|x64.Build.0 = Release|x64
		{2607A9AC-21FD-4786-A576-E8A658B718DD}.Ad-Hoc|x64.Deploy.0 = Release|x64
		{2607A9AC-21FD-4786-A576-E8A658B718DD}.Ad-Hoc|x86.ActiveCfg = Release|x86
		{2607A9AC-21FD-4786-A576-E8A658B718DD}.Ad-Hoc|x86.Build.0 = Release|x86
		{2607A9AC-21FD-4786-A576-E8A658B718DD}.Ad-Hoc|x86.Deploy.0 = Release|x86
		{2607A9AC-21FD-4786-A576-E8A658B718DD}.AppStore|Any CPU.ActiveCfg = Release|x64
		{2607A9AC-21FD-4786-A576-E8A658B718DD}.AppStore|Any CPU.Build.0 = Release|x64
		{2607A9AC-21FD-4786-A576-E8A658B718DD}.AppStore|Any CPU.Deploy.0 = Release|x64
		{2607A9AC-21FD-4786-A576-E8A658B718DD}.AppStore|ARM.ActiveCfg = Release|ARM
		{2607A9AC-21FD-4786-A576-E8A658B718DD}.AppStore|ARM.Build.0 = Release|ARM
		{2607A9AC-21FD-4786-A576-E8A658B718DD}.AppStore|ARM.Deploy.0 = Release|ARM
		{2607A9AC-21FD-4786-A576-E8A658B718DD}.AppStore|iPhone.ActiveCfg = Release|x64
		{2607A9AC-21FD-4786-A576-E8A658B718DD}.AppStore|iPhone.Build.0 = Release|x64
		{2607A9AC-21FD-4786-A576-E8A658B718DD}.AppStore|iPhone.Deploy.0 = Release|x64
		{2607A9AC-21FD-4786-A576-E8A658B718DD}.AppStore|iPhoneSimulator.ActiveCfg = Release|x64
		{2607A9AC-21FD-4786-A576-E8A658B718DD}.AppStore|iPhoneSimulator.Build.0 = Release|x64
		{2607A9AC-21FD-4786-A576-E8A658B718DD}.AppStore|iPhoneSimulator.Deploy.0 = Release|x64
		{2607A9AC-21FD-4786-A576-E8A658B718DD}.AppStore|x64.ActiveCfg = Release|x64
		{2607A9AC-21FD-4786-A576-E8A658B718DD}.AppStore|x64.Build.0 = Release|x64
		{2607A9AC-21FD-4786-A576-E8A658B718DD}.AppStore|x64.Deploy.0 = Release|x64
		{2607A9AC-21FD-4786-A576-E8A658B718DD}.AppStore|x86.ActiveCfg = Release|x86
		{2607A9AC-21FD-4786-A576-E8A658B718DD}.AppStore|x86.Build.0 = Release|x86
		{2607A9AC-21FD-4786-A576-E8A658B718DD}.AppStore|x86.Deploy.0 = Release|x86
		{2607A9AC-21FD-4786-A576-E8A658B718DD}.Debug|Any CPU.ActiveCfg = Debug|x86
		{2607A9AC-21FD-4786-A576-E8A658B718DD}.Debug|Any CPU.Build.0 = Debug|x86
		{2607A9AC-21FD-4786-A576-E8A658B718DD}.Debug|Any CPU.Deploy.0 = Debug|x86
		{2607A9AC-21FD-4786-A576-E8A658B718DD}.Debug|ARM.ActiveCfg = Debug|ARM
		{2607A9AC-21FD-4786-A576-E8A658B718DD}.Debug|ARM.Build.0 = Debug|ARM
		{2607A9AC-21FD-4786-A576-E8A658B718DD}.Debug|ARM.Deploy.0 = Debug|ARM
		{2607A9AC-21FD-4786-A576-E8A658B718DD}.Debug|iPhone.ActiveCfg = Debug|x86
		{2607A9AC-21FD-4786-A576-E8A658B718DD}.Debug|iPhoneSimulator.ActiveCfg = Debug|x86
		{2607A9AC-21FD-4786-A576-E8A658B718DD}.Debug|x64.ActiveCfg = Debug|x64
		{2607A9AC-21FD-4786-A576-E8A658B718DD}.Debug|x64.Build.0 = Debug|x64
		{2607A9AC-21FD-4786-A576-E8A658B718DD}.Debug|x64.Deploy.0 = Debug|x64
		{2607A9AC-21FD-4786-A576-E8A658B718DD}.Debug|x86.ActiveCfg = Debug|x86
		{2607A9AC-21FD-4786-A576-E8A658B718DD}.Debug|x86.Build.0 = Debug|x86
		{2607A9AC-21FD-4786-A576-E8A658B718DD}.Debug|x86.Deploy.0 = Debug|x86
		{2607A9AC-21FD-4786-A576-E8A658B718DD}.Release|Any CPU.ActiveCfg = Release|x86
		{2607A9AC-21FD-4786-A576-E8A658B718DD}.Release|ARM.ActiveCfg = Release|ARM
		{2607A9AC-21FD-4786-A576-E8A658B718DD}.Release|ARM.Build.0 = Release|ARM
		{2607A9AC-21FD-4786-A576-E8A658B718DD}.Release|ARM.Deploy.0 = Release|ARM
		{2607A9AC-21FD-4786-A576-E8A658B718DD}.Release|iPhone.ActiveCfg = Release|x86
		{2607A9AC-21FD-4786-A576-E8A658B718DD}.Release|iPhoneSimulator.ActiveCfg = Release|x86
		{2607A9AC-21FD-4786-A576-E8A658B718DD}.Release|x64.ActiveCfg = Release|x64
		{2607A9AC-21FD-4786-A576-E8A658B718DD}.Release|x64.Build.0 = Release|x64
		{2607A9AC-21FD-4786-A576-E8A658B718DD}.Release|x64.Deploy.0 = Release|x64
		{2607A9AC-21FD-4786-A576-E8A658B718DD}.Release|x86.ActiveCfg = Release|x86
		{2607A9AC-21FD-4786-A576-E8A658B718DD}.Release|x86.Build.0 = Release|x86
		{2607A9AC-21FD-4786-A576-E8A658B718DD}.Release|x86.Deploy.0 = Release|x86
		{75D4A4D5-CFA5-427A-ACD2-DD62EE68D4F4}.Ad-Hoc|Any CPU.ActiveCfg = Release|Any CPU
		{75D4A4D5-CFA5-427A-ACD2-DD62EE68D4F4}.Ad-Hoc|Any CPU.Build.0 = Release|Any CPU
		{75D4A4D5-CFA5-427A-ACD2-DD62EE68D4F4}.Ad-Hoc|ARM.ActiveCfg = Release|Any CPU
		{75D4A4D5-CFA5-427A-ACD2-DD62EE68D4F4}.Ad-Hoc|ARM.Build.0 = Release|Any CPU
		{75D4A4D5-CFA5-427A-ACD2-DD62EE68D4F4}.Ad-Hoc|iPhone.ActiveCfg = Release|Any CPU
		{75D4A4D5-CFA5-427A-ACD2-DD62EE68D4F4}.Ad-Hoc|iPhone.Build.0 = Release|Any CPU
		{75D4A4D5-CFA5-427A-ACD2-DD62EE68D4F4}.Ad-Hoc|iPhoneSimulator.ActiveCfg = Release|Any CPU
		{75D4A4D5-CFA5-427A-ACD2-DD62EE68D4F4}.Ad-Hoc|iPhoneSimulator.Build.0 = Release|Any CPU
		{75D4A4D5-CFA5-427A-ACD2-DD62EE68D4F4}.Ad-Hoc|x64.ActiveCfg = Release|Any CPU
		{75D4A4D5-CFA5-427A-ACD2-DD62EE68D4F4}.Ad-Hoc|x64.Build.0 = Release|Any CPU
		{75D4A4D5-CFA5-427A-ACD2-DD62EE68D4F4}.Ad-Hoc|x86.ActiveCfg = Release|Any CPU
		{75D4A4D5-CFA5-427A-ACD2-DD62EE68D4F4}.Ad-Hoc|x86.Build.0 = Release|Any CPU
		{75D4A4D5-CFA5-427A-ACD2-DD62EE68D4F4}.AppStore|Any CPU.ActiveCfg = Release|Any CPU
		{75D4A4D5-CFA5-427A-ACD2-DD62EE68D4F4}.AppStore|Any CPU.Build.0 = Release|Any CPU
		{75D4A4D5-CFA5-427A-ACD2-DD62EE68D4F4}.AppStore|ARM.ActiveCfg = Release|Any CPU
		{75D4A4D5-CFA5-427A-ACD2-DD62EE68D4F4}.AppStore|ARM.Build.0 = Release|Any CPU
		{75D4A4D5-CFA5-427A-ACD2-DD62EE68D4F4}.AppStore|iPhone.ActiveCfg = Release|Any CPU
		{75D4A4D5-CFA5-427A-ACD2-DD62EE68D4F4}.AppStore|iPhone.Build.0 = Release|Any CPU
		{75D4A4D5-CFA5-427A-ACD2-DD62EE68D4F4}.AppStore|iPhoneSimulator.ActiveCfg = Release|Any CPU
		{75D4A4D5-CFA5-427A-ACD2-DD62EE68D4F4}.AppStore|iPhoneSimulator.Build.0 = Release|Any CPU
		{75D4A4D5-CFA5-427A-ACD2-DD62EE68D4F4}.AppStore|x64.ActiveCfg = Release|Any CPU
		{75D4A4D5-CFA5-427A-ACD2-DD62EE68D4F4}.AppStore|x64.Build.0 = Release|Any CPU
		{75D4A4D5-CFA5-427A-ACD2-DD62EE68D4F4}.AppStore|x86.ActiveCfg = Release|Any CPU
		{75D4A4D5-CFA5-427A-ACD2-DD62EE68D4F4}.AppStore|x86.Build.0 = Release|Any CPU
		{75D4A4D5-CFA5-427A-ACD2-DD62EE68D4F4}.Debug|Any CPU.ActiveCfg = Debug|Any CPU
		{75D4A4D5-CFA5-427A-ACD2-DD62EE68D4F4}.Debug|Any CPU.Build.0 = Debug|Any CPU
		{75D4A4D5-CFA5-427A-ACD2-DD62EE68D4F4}.Debug|ARM.ActiveCfg = Debug|Any CPU
		{75D4A4D5-CFA5-427A-ACD2-DD62EE68D4F4}.Debug|ARM.Build.0 = Debug|Any CPU
		{75D4A4D5-CFA5-427A-ACD2-DD62EE68D4F4}.Debug|iPhone.ActiveCfg = Debug|Any CPU
		{75D4A4D5-CFA5-427A-ACD2-DD62EE68D4F4}.Debug|iPhone.Build.0 = Debug|Any CPU
		{75D4A4D5-CFA5-427A-ACD2-DD62EE68D4F4}.Debug|iPhoneSimulator.ActiveCfg = Debug|Any CPU
		{75D4A4D5-CFA5-427A-ACD2-DD62EE68D4F4}.Debug|iPhoneSimulator.Build.0 = Debug|Any CPU
		{75D4A4D5-CFA5-427A-ACD2-DD62EE68D4F4}.Debug|x64.ActiveCfg = Debug|Any CPU
		{75D4A4D5-CFA5-427A-ACD2-DD62EE68D4F4}.Debug|x64.Build.0 = Debug|Any CPU
		{75D4A4D5-CFA5-427A-ACD2-DD62EE68D4F4}.Debug|x86.ActiveCfg = Debug|Any CPU
		{75D4A4D5-CFA5-427A-ACD2-DD62EE68D4F4}.Debug|x86.Build.0 = Debug|Any CPU
		{75D4A4D5-CFA5-427A-ACD2-DD62EE68D4F4}.Release|Any CPU.ActiveCfg = Release|Any CPU
		{75D4A4D5-CFA5-427A-ACD2-DD62EE68D4F4}.Release|Any CPU.Build.0 = Release|Any CPU
		{75D4A4D5-CFA5-427A-ACD2-DD62EE68D4F4}.Release|ARM.ActiveCfg = Release|Any CPU
		{75D4A4D5-CFA5-427A-ACD2-DD62EE68D4F4}.Release|ARM.Build.0 = Release|Any CPU
		{75D4A4D5-CFA5-427A-ACD2-DD62EE68D4F4}.Release|iPhone.ActiveCfg = Release|Any CPU
		{75D4A4D5-CFA5-427A-ACD2-DD62EE68D4F4}.Release|iPhone.Build.0 = Release|Any CPU
		{75D4A4D5-CFA5-427A-ACD2-DD62EE68D4F4}.Release|iPhoneSimulator.ActiveCfg = Release|Any CPU
		{75D4A4D5-CFA5-427A-ACD2-DD62EE68D4F4}.Release|iPhoneSimulator.Build.0 = Release|Any CPU
		{75D4A4D5-CFA5-427A-ACD2-DD62EE68D4F4}.Release|x64.ActiveCfg = Release|Any CPU
		{75D4A4D5-CFA5-427A-ACD2-DD62EE68D4F4}.Release|x64.Build.0 = Release|Any CPU
		{75D4A4D5-CFA5-427A-ACD2-DD62EE68D4F4}.Release|x86.ActiveCfg = Release|Any CPU
		{75D4A4D5-CFA5-427A-ACD2-DD62EE68D4F4}.Release|x86.Build.0 = Release|Any CPU
		{E7C63355-AE7A-4E57-9B69-47AC22297752}.Ad-Hoc|Any CPU.ActiveCfg = Release|Any CPU
		{E7C63355-AE7A-4E57-9B69-47AC22297752}.Ad-Hoc|Any CPU.Build.0 = Release|Any CPU
		{E7C63355-AE7A-4E57-9B69-47AC22297752}.Ad-Hoc|ARM.ActiveCfg = Release|Any CPU
		{E7C63355-AE7A-4E57-9B69-47AC22297752}.Ad-Hoc|ARM.Build.0 = Release|Any CPU
		{E7C63355-AE7A-4E57-9B69-47AC22297752}.Ad-Hoc|iPhone.ActiveCfg = Release|Any CPU
		{E7C63355-AE7A-4E57-9B69-47AC22297752}.Ad-Hoc|iPhone.Build.0 = Release|Any CPU
		{E7C63355-AE7A-4E57-9B69-47AC22297752}.Ad-Hoc|iPhoneSimulator.ActiveCfg = Release|Any CPU
		{E7C63355-AE7A-4E57-9B69-47AC22297752}.Ad-Hoc|iPhoneSimulator.Build.0 = Release|Any CPU
		{E7C63355-AE7A-4E57-9B69-47AC22297752}.Ad-Hoc|x64.ActiveCfg = Release|Any CPU
		{E7C63355-AE7A-4E57-9B69-47AC22297752}.Ad-Hoc|x64.Build.0 = Release|Any CPU
		{E7C63355-AE7A-4E57-9B69-47AC22297752}.Ad-Hoc|x86.ActiveCfg = Release|Any CPU
		{E7C63355-AE7A-4E57-9B69-47AC22297752}.Ad-Hoc|x86.Build.0 = Release|Any CPU
		{E7C63355-AE7A-4E57-9B69-47AC22297752}.AppStore|Any CPU.ActiveCfg = Release|Any CPU
		{E7C63355-AE7A-4E57-9B69-47AC22297752}.AppStore|Any CPU.Build.0 = Release|Any CPU
		{E7C63355-AE7A-4E57-9B69-47AC22297752}.AppStore|ARM.ActiveCfg = Release|Any CPU
		{E7C63355-AE7A-4E57-9B69-47AC22297752}.AppStore|ARM.Build.0 = Release|Any CPU
		{E7C63355-AE7A-4E57-9B69-47AC22297752}.AppStore|iPhone.ActiveCfg = Release|Any CPU
		{E7C63355-AE7A-4E57-9B69-47AC22297752}.AppStore|iPhone.Build.0 = Release|Any CPU
		{E7C63355-AE7A-4E57-9B69-47AC22297752}.AppStore|iPhoneSimulator.ActiveCfg = Release|Any CPU
		{E7C63355-AE7A-4E57-9B69-47AC22297752}.AppStore|iPhoneSimulator.Build.0 = Release|Any CPU
		{E7C63355-AE7A-4E57-9B69-47AC22297752}.AppStore|x64.ActiveCfg = Release|Any CPU
		{E7C63355-AE7A-4E57-9B69-47AC22297752}.AppStore|x64.Build.0 = Release|Any CPU
		{E7C63355-AE7A-4E57-9B69-47AC22297752}.AppStore|x86.ActiveCfg = Release|Any CPU
		{E7C63355-AE7A-4E57-9B69-47AC22297752}.AppStore|x86.Build.0 = Release|Any CPU
		{E7C63355-AE7A-4E57-9B69-47AC22297752}.Debug|Any CPU.ActiveCfg = Debug|Any CPU
		{E7C63355-AE7A-4E57-9B69-47AC22297752}.Debug|Any CPU.Build.0 = Debug|Any CPU
		{E7C63355-AE7A-4E57-9B69-47AC22297752}.Debug|ARM.ActiveCfg = Debug|Any CPU
		{E7C63355-AE7A-4E57-9B69-47AC22297752}.Debug|ARM.Build.0 = Debug|Any CPU
		{E7C63355-AE7A-4E57-9B69-47AC22297752}.Debug|iPhone.ActiveCfg = Debug|Any CPU
		{E7C63355-AE7A-4E57-9B69-47AC22297752}.Debug|iPhone.Build.0 = Debug|Any CPU
		{E7C63355-AE7A-4E57-9B69-47AC22297752}.Debug|iPhoneSimulator.ActiveCfg = Debug|Any CPU
		{E7C63355-AE7A-4E57-9B69-47AC22297752}.Debug|iPhoneSimulator.Build.0 = Debug|Any CPU
		{E7C63355-AE7A-4E57-9B69-47AC22297752}.Debug|x64.ActiveCfg = Debug|Any CPU
		{E7C63355-AE7A-4E57-9B69-47AC22297752}.Debug|x64.Build.0 = Debug|Any CPU
		{E7C63355-AE7A-4E57-9B69-47AC22297752}.Debug|x86.ActiveCfg = Debug|Any CPU
		{E7C63355-AE7A-4E57-9B69-47AC22297752}.Debug|x86.Build.0 = Debug|Any CPU
		{E7C63355-AE7A-4E57-9B69-47AC22297752}.Release|Any CPU.ActiveCfg = Release|Any CPU
		{E7C63355-AE7A-4E57-9B69-47AC22297752}.Release|Any CPU.Build.0 = Release|Any CPU
		{E7C63355-AE7A-4E57-9B69-47AC22297752}.Release|ARM.ActiveCfg = Release|Any CPU
		{E7C63355-AE7A-4E57-9B69-47AC22297752}.Release|ARM.Build.0 = Release|Any CPU
		{E7C63355-AE7A-4E57-9B69-47AC22297752}.Release|iPhone.ActiveCfg = Release|Any CPU
		{E7C63355-AE7A-4E57-9B69-47AC22297752}.Release|iPhone.Build.0 = Release|Any CPU
		{E7C63355-AE7A-4E57-9B69-47AC22297752}.Release|iPhoneSimulator.ActiveCfg = Release|Any CPU
		{E7C63355-AE7A-4E57-9B69-47AC22297752}.Release|iPhoneSimulator.Build.0 = Release|Any CPU
		{E7C63355-AE7A-4E57-9B69-47AC22297752}.Release|x64.ActiveCfg = Release|Any CPU
		{E7C63355-AE7A-4E57-9B69-47AC22297752}.Release|x64.Build.0 = Release|Any CPU
		{E7C63355-AE7A-4E57-9B69-47AC22297752}.Release|x86.ActiveCfg = Release|Any CPU
		{E7C63355-AE7A-4E57-9B69-47AC22297752}.Release|x86.Build.0 = Release|Any CPU
		{26704106-C759-46E4-ADC9-7B38A16D4150}.Ad-Hoc|Any CPU.ActiveCfg = Release|Any CPU
		{26704106-C759-46E4-ADC9-7B38A16D4150}.Ad-Hoc|Any CPU.Build.0 = Release|Any CPU
		{26704106-C759-46E4-ADC9-7B38A16D4150}.Ad-Hoc|ARM.ActiveCfg = Release|Any CPU
		{26704106-C759-46E4-ADC9-7B38A16D4150}.Ad-Hoc|ARM.Build.0 = Release|Any CPU
		{26704106-C759-46E4-ADC9-7B38A16D4150}.Ad-Hoc|iPhone.ActiveCfg = Release|Any CPU
		{26704106-C759-46E4-ADC9-7B38A16D4150}.Ad-Hoc|iPhone.Build.0 = Release|Any CPU
		{26704106-C759-46E4-ADC9-7B38A16D4150}.Ad-Hoc|iPhoneSimulator.ActiveCfg = Release|Any CPU
		{26704106-C759-46E4-ADC9-7B38A16D4150}.Ad-Hoc|iPhoneSimulator.Build.0 = Release|Any CPU
		{26704106-C759-46E4-ADC9-7B38A16D4150}.Ad-Hoc|x64.ActiveCfg = Release|Any CPU
		{26704106-C759-46E4-ADC9-7B38A16D4150}.Ad-Hoc|x64.Build.0 = Release|Any CPU
		{26704106-C759-46E4-ADC9-7B38A16D4150}.Ad-Hoc|x86.ActiveCfg = Release|Any CPU
		{26704106-C759-46E4-ADC9-7B38A16D4150}.Ad-Hoc|x86.Build.0 = Release|Any CPU
		{26704106-C759-46E4-ADC9-7B38A16D4150}.AppStore|Any CPU.ActiveCfg = Release|Any CPU
		{26704106-C759-46E4-ADC9-7B38A16D4150}.AppStore|Any CPU.Build.0 = Release|Any CPU
		{26704106-C759-46E4-ADC9-7B38A16D4150}.AppStore|ARM.ActiveCfg = Release|Any CPU
		{26704106-C759-46E4-ADC9-7B38A16D4150}.AppStore|ARM.Build.0 = Release|Any CPU
		{26704106-C759-46E4-ADC9-7B38A16D4150}.AppStore|iPhone.ActiveCfg = Release|Any CPU
		{26704106-C759-46E4-ADC9-7B38A16D4150}.AppStore|iPhone.Build.0 = Release|Any CPU
		{26704106-C759-46E4-ADC9-7B38A16D4150}.AppStore|iPhoneSimulator.ActiveCfg = Release|Any CPU
		{26704106-C759-46E4-ADC9-7B38A16D4150}.AppStore|iPhoneSimulator.Build.0 = Release|Any CPU
		{26704106-C759-46E4-ADC9-7B38A16D4150}.AppStore|x64.ActiveCfg = Release|Any CPU
		{26704106-C759-46E4-ADC9-7B38A16D4150}.AppStore|x64.Build.0 = Release|Any CPU
		{26704106-C759-46E4-ADC9-7B38A16D4150}.AppStore|x86.ActiveCfg = Release|Any CPU
		{26704106-C759-46E4-ADC9-7B38A16D4150}.AppStore|x86.Build.0 = Release|Any CPU
		{26704106-C759-46E4-ADC9-7B38A16D4150}.Debug|Any CPU.ActiveCfg = Debug|Any CPU
		{26704106-C759-46E4-ADC9-7B38A16D4150}.Debug|Any CPU.Build.0 = Debug|Any CPU
		{26704106-C759-46E4-ADC9-7B38A16D4150}.Debug|ARM.ActiveCfg = Debug|Any CPU
		{26704106-C759-46E4-ADC9-7B38A16D4150}.Debug|ARM.Build.0 = Debug|Any CPU
		{26704106-C759-46E4-ADC9-7B38A16D4150}.Debug|iPhone.ActiveCfg = Debug|Any CPU
		{26704106-C759-46E4-ADC9-7B38A16D4150}.Debug|iPhone.Build.0 = Debug|Any CPU
		{26704106-C759-46E4-ADC9-7B38A16D4150}.Debug|iPhoneSimulator.ActiveCfg = Debug|Any CPU
		{26704106-C759-46E4-ADC9-7B38A16D4150}.Debug|iPhoneSimulator.Build.0 = Debug|Any CPU
		{26704106-C759-46E4-ADC9-7B38A16D4150}.Debug|x64.ActiveCfg = Debug|Any CPU
		{26704106-C759-46E4-ADC9-7B38A16D4150}.Debug|x64.Build.0 = Debug|Any CPU
		{26704106-C759-46E4-ADC9-7B38A16D4150}.Debug|x86.ActiveCfg = Debug|Any CPU
		{26704106-C759-46E4-ADC9-7B38A16D4150}.Debug|x86.Build.0 = Debug|Any CPU
		{26704106-C759-46E4-ADC9-7B38A16D4150}.Release|Any CPU.ActiveCfg = Release|Any CPU
		{26704106-C759-46E4-ADC9-7B38A16D4150}.Release|Any CPU.Build.0 = Release|Any CPU
		{26704106-C759-46E4-ADC9-7B38A16D4150}.Release|ARM.ActiveCfg = Release|Any CPU
		{26704106-C759-46E4-ADC9-7B38A16D4150}.Release|ARM.Build.0 = Release|Any CPU
		{26704106-C759-46E4-ADC9-7B38A16D4150}.Release|iPhone.ActiveCfg = Release|Any CPU
		{26704106-C759-46E4-ADC9-7B38A16D4150}.Release|iPhone.Build.0 = Release|Any CPU
		{26704106-C759-46E4-ADC9-7B38A16D4150}.Release|iPhoneSimulator.ActiveCfg = Release|Any CPU
		{26704106-C759-46E4-ADC9-7B38A16D4150}.Release|iPhoneSimulator.Build.0 = Release|Any CPU
		{26704106-C759-46E4-ADC9-7B38A16D4150}.Release|x64.ActiveCfg = Release|Any CPU
		{26704106-C759-46E4-ADC9-7B38A16D4150}.Release|x64.Build.0 = Release|Any CPU
		{26704106-C759-46E4-ADC9-7B38A16D4150}.Release|x86.ActiveCfg = Release|Any CPU
		{26704106-C759-46E4-ADC9-7B38A16D4150}.Release|x86.Build.0 = Release|Any CPU
		{DA7490AE-29AA-4C4E-9C4E-EB4ECBBB323B}.Ad-Hoc|Any CPU.ActiveCfg = Release|Any CPU
		{DA7490AE-29AA-4C4E-9C4E-EB4ECBBB323B}.Ad-Hoc|Any CPU.Build.0 = Release|Any CPU
		{DA7490AE-29AA-4C4E-9C4E-EB4ECBBB323B}.Ad-Hoc|ARM.ActiveCfg = Release|Any CPU
		{DA7490AE-29AA-4C4E-9C4E-EB4ECBBB323B}.Ad-Hoc|ARM.Build.0 = Release|Any CPU
		{DA7490AE-29AA-4C4E-9C4E-EB4ECBBB323B}.Ad-Hoc|iPhone.ActiveCfg = Release|Any CPU
		{DA7490AE-29AA-4C4E-9C4E-EB4ECBBB323B}.Ad-Hoc|iPhone.Build.0 = Release|Any CPU
		{DA7490AE-29AA-4C4E-9C4E-EB4ECBBB323B}.Ad-Hoc|iPhoneSimulator.ActiveCfg = Release|Any CPU
		{DA7490AE-29AA-4C4E-9C4E-EB4ECBBB323B}.Ad-Hoc|iPhoneSimulator.Build.0 = Release|Any CPU
		{DA7490AE-29AA-4C4E-9C4E-EB4ECBBB323B}.Ad-Hoc|x64.ActiveCfg = Release|Any CPU
		{DA7490AE-29AA-4C4E-9C4E-EB4ECBBB323B}.Ad-Hoc|x64.Build.0 = Release|Any CPU
		{DA7490AE-29AA-4C4E-9C4E-EB4ECBBB323B}.Ad-Hoc|x86.ActiveCfg = Release|Any CPU
		{DA7490AE-29AA-4C4E-9C4E-EB4ECBBB323B}.Ad-Hoc|x86.Build.0 = Release|Any CPU
		{DA7490AE-29AA-4C4E-9C4E-EB4ECBBB323B}.AppStore|Any CPU.ActiveCfg = Release|Any CPU
		{DA7490AE-29AA-4C4E-9C4E-EB4ECBBB323B}.AppStore|Any CPU.Build.0 = Release|Any CPU
		{DA7490AE-29AA-4C4E-9C4E-EB4ECBBB323B}.AppStore|ARM.ActiveCfg = Release|Any CPU
		{DA7490AE-29AA-4C4E-9C4E-EB4ECBBB323B}.AppStore|ARM.Build.0 = Release|Any CPU
		{DA7490AE-29AA-4C4E-9C4E-EB4ECBBB323B}.AppStore|iPhone.ActiveCfg = Release|Any CPU
		{DA7490AE-29AA-4C4E-9C4E-EB4ECBBB323B}.AppStore|iPhone.Build.0 = Release|Any CPU
		{DA7490AE-29AA-4C4E-9C4E-EB4ECBBB323B}.AppStore|iPhoneSimulator.ActiveCfg = Release|Any CPU
		{DA7490AE-29AA-4C4E-9C4E-EB4ECBBB323B}.AppStore|iPhoneSimulator.Build.0 = Release|Any CPU
		{DA7490AE-29AA-4C4E-9C4E-EB4ECBBB323B}.AppStore|x64.ActiveCfg = Release|Any CPU
		{DA7490AE-29AA-4C4E-9C4E-EB4ECBBB323B}.AppStore|x64.Build.0 = Release|Any CPU
		{DA7490AE-29AA-4C4E-9C4E-EB4ECBBB323B}.AppStore|x86.ActiveCfg = Release|Any CPU
		{DA7490AE-29AA-4C4E-9C4E-EB4ECBBB323B}.AppStore|x86.Build.0 = Release|Any CPU
		{DA7490AE-29AA-4C4E-9C4E-EB4ECBBB323B}.Debug|Any CPU.ActiveCfg = Debug|Any CPU
		{DA7490AE-29AA-4C4E-9C4E-EB4ECBBB323B}.Debug|Any CPU.Build.0 = Debug|Any CPU
		{DA7490AE-29AA-4C4E-9C4E-EB4ECBBB323B}.Debug|ARM.ActiveCfg = Debug|Any CPU
		{DA7490AE-29AA-4C4E-9C4E-EB4ECBBB323B}.Debug|ARM.Build.0 = Debug|Any CPU
		{DA7490AE-29AA-4C4E-9C4E-EB4ECBBB323B}.Debug|iPhone.ActiveCfg = Debug|Any CPU
		{DA7490AE-29AA-4C4E-9C4E-EB4ECBBB323B}.Debug|iPhone.Build.0 = Debug|Any CPU
		{DA7490AE-29AA-4C4E-9C4E-EB4ECBBB323B}.Debug|iPhoneSimulator.ActiveCfg = Debug|Any CPU
		{DA7490AE-29AA-4C4E-9C4E-EB4ECBBB323B}.Debug|iPhoneSimulator.Build.0 = Debug|Any CPU
		{DA7490AE-29AA-4C4E-9C4E-EB4ECBBB323B}.Debug|x64.ActiveCfg = Debug|Any CPU
		{DA7490AE-29AA-4C4E-9C4E-EB4ECBBB323B}.Debug|x64.Build.0 = Debug|Any CPU
		{DA7490AE-29AA-4C4E-9C4E-EB4ECBBB323B}.Debug|x86.ActiveCfg = Debug|Any CPU
		{DA7490AE-29AA-4C4E-9C4E-EB4ECBBB323B}.Debug|x86.Build.0 = Debug|Any CPU
		{DA7490AE-29AA-4C4E-9C4E-EB4ECBBB323B}.Release|Any CPU.ActiveCfg = Release|Any CPU
		{DA7490AE-29AA-4C4E-9C4E-EB4ECBBB323B}.Release|Any CPU.Build.0 = Release|Any CPU
		{DA7490AE-29AA-4C4E-9C4E-EB4ECBBB323B}.Release|ARM.ActiveCfg = Release|Any CPU
		{DA7490AE-29AA-4C4E-9C4E-EB4ECBBB323B}.Release|ARM.Build.0 = Release|Any CPU
		{DA7490AE-29AA-4C4E-9C4E-EB4ECBBB323B}.Release|iPhone.ActiveCfg = Release|Any CPU
		{DA7490AE-29AA-4C4E-9C4E-EB4ECBBB323B}.Release|iPhone.Build.0 = Release|Any CPU
		{DA7490AE-29AA-4C4E-9C4E-EB4ECBBB323B}.Release|iPhoneSimulator.ActiveCfg = Release|Any CPU
		{DA7490AE-29AA-4C4E-9C4E-EB4ECBBB323B}.Release|iPhoneSimulator.Build.0 = Release|Any CPU
		{DA7490AE-29AA-4C4E-9C4E-EB4ECBBB323B}.Release|x64.ActiveCfg = Release|Any CPU
		{DA7490AE-29AA-4C4E-9C4E-EB4ECBBB323B}.Release|x64.Build.0 = Release|Any CPU
		{DA7490AE-29AA-4C4E-9C4E-EB4ECBBB323B}.Release|x86.ActiveCfg = Release|Any CPU
		{DA7490AE-29AA-4C4E-9C4E-EB4ECBBB323B}.Release|x86.Build.0 = Release|Any CPU
		{BBEB51B0-6F79-4419-B9CE-3BE85EEF8E0A}.Ad-Hoc|Any CPU.ActiveCfg = Release|Any CPU
		{BBEB51B0-6F79-4419-B9CE-3BE85EEF8E0A}.Ad-Hoc|Any CPU.Build.0 = Release|Any CPU
		{BBEB51B0-6F79-4419-B9CE-3BE85EEF8E0A}.Ad-Hoc|Any CPU.Deploy.0 = Release|Any CPU
		{BBEB51B0-6F79-4419-B9CE-3BE85EEF8E0A}.Ad-Hoc|ARM.ActiveCfg = Release|Any CPU
		{BBEB51B0-6F79-4419-B9CE-3BE85EEF8E0A}.Ad-Hoc|ARM.Build.0 = Release|Any CPU
		{BBEB51B0-6F79-4419-B9CE-3BE85EEF8E0A}.Ad-Hoc|ARM.Deploy.0 = Release|Any CPU
		{BBEB51B0-6F79-4419-B9CE-3BE85EEF8E0A}.Ad-Hoc|iPhone.ActiveCfg = Release|Any CPU
		{BBEB51B0-6F79-4419-B9CE-3BE85EEF8E0A}.Ad-Hoc|iPhone.Build.0 = Release|Any CPU
		{BBEB51B0-6F79-4419-B9CE-3BE85EEF8E0A}.Ad-Hoc|iPhone.Deploy.0 = Release|Any CPU
		{BBEB51B0-6F79-4419-B9CE-3BE85EEF8E0A}.Ad-Hoc|iPhoneSimulator.ActiveCfg = Release|Any CPU
		{BBEB51B0-6F79-4419-B9CE-3BE85EEF8E0A}.Ad-Hoc|iPhoneSimulator.Build.0 = Release|Any CPU
		{BBEB51B0-6F79-4419-B9CE-3BE85EEF8E0A}.Ad-Hoc|iPhoneSimulator.Deploy.0 = Release|Any CPU
		{BBEB51B0-6F79-4419-B9CE-3BE85EEF8E0A}.Ad-Hoc|x64.ActiveCfg = Release|Any CPU
		{BBEB51B0-6F79-4419-B9CE-3BE85EEF8E0A}.Ad-Hoc|x64.Build.0 = Release|Any CPU
		{BBEB51B0-6F79-4419-B9CE-3BE85EEF8E0A}.Ad-Hoc|x64.Deploy.0 = Release|Any CPU
		{BBEB51B0-6F79-4419-B9CE-3BE85EEF8E0A}.Ad-Hoc|x86.ActiveCfg = Release|Any CPU
		{BBEB51B0-6F79-4419-B9CE-3BE85EEF8E0A}.Ad-Hoc|x86.Build.0 = Release|Any CPU
		{BBEB51B0-6F79-4419-B9CE-3BE85EEF8E0A}.Ad-Hoc|x86.Deploy.0 = Release|Any CPU
		{BBEB51B0-6F79-4419-B9CE-3BE85EEF8E0A}.AppStore|Any CPU.ActiveCfg = Release|Any CPU
		{BBEB51B0-6F79-4419-B9CE-3BE85EEF8E0A}.AppStore|Any CPU.Build.0 = Release|Any CPU
		{BBEB51B0-6F79-4419-B9CE-3BE85EEF8E0A}.AppStore|Any CPU.Deploy.0 = Release|Any CPU
		{BBEB51B0-6F79-4419-B9CE-3BE85EEF8E0A}.AppStore|ARM.ActiveCfg = Release|Any CPU
		{BBEB51B0-6F79-4419-B9CE-3BE85EEF8E0A}.AppStore|ARM.Build.0 = Release|Any CPU
		{BBEB51B0-6F79-4419-B9CE-3BE85EEF8E0A}.AppStore|ARM.Deploy.0 = Release|Any CPU
		{BBEB51B0-6F79-4419-B9CE-3BE85EEF8E0A}.AppStore|iPhone.ActiveCfg = Release|Any CPU
		{BBEB51B0-6F79-4419-B9CE-3BE85EEF8E0A}.AppStore|iPhone.Build.0 = Release|Any CPU
		{BBEB51B0-6F79-4419-B9CE-3BE85EEF8E0A}.AppStore|iPhone.Deploy.0 = Release|Any CPU
		{BBEB51B0-6F79-4419-B9CE-3BE85EEF8E0A}.AppStore|iPhoneSimulator.ActiveCfg = Release|Any CPU
		{BBEB51B0-6F79-4419-B9CE-3BE85EEF8E0A}.AppStore|iPhoneSimulator.Build.0 = Release|Any CPU
		{BBEB51B0-6F79-4419-B9CE-3BE85EEF8E0A}.AppStore|iPhoneSimulator.Deploy.0 = Release|Any CPU
		{BBEB51B0-6F79-4419-B9CE-3BE85EEF8E0A}.AppStore|x64.ActiveCfg = Release|Any CPU
		{BBEB51B0-6F79-4419-B9CE-3BE85EEF8E0A}.AppStore|x64.Build.0 = Release|Any CPU
		{BBEB51B0-6F79-4419-B9CE-3BE85EEF8E0A}.AppStore|x64.Deploy.0 = Release|Any CPU
		{BBEB51B0-6F79-4419-B9CE-3BE85EEF8E0A}.AppStore|x86.ActiveCfg = Release|Any CPU
		{BBEB51B0-6F79-4419-B9CE-3BE85EEF8E0A}.AppStore|x86.Build.0 = Release|Any CPU
		{BBEB51B0-6F79-4419-B9CE-3BE85EEF8E0A}.AppStore|x86.Deploy.0 = Release|Any CPU
		{BBEB51B0-6F79-4419-B9CE-3BE85EEF8E0A}.Debug|Any CPU.ActiveCfg = Debug|Any CPU
		{BBEB51B0-6F79-4419-B9CE-3BE85EEF8E0A}.Debug|Any CPU.Build.0 = Debug|Any CPU
		{BBEB51B0-6F79-4419-B9CE-3BE85EEF8E0A}.Debug|Any CPU.Deploy.0 = Debug|Any CPU
		{BBEB51B0-6F79-4419-B9CE-3BE85EEF8E0A}.Debug|ARM.ActiveCfg = Debug|Any CPU
		{BBEB51B0-6F79-4419-B9CE-3BE85EEF8E0A}.Debug|ARM.Build.0 = Debug|Any CPU
		{BBEB51B0-6F79-4419-B9CE-3BE85EEF8E0A}.Debug|ARM.Deploy.0 = Debug|Any CPU
		{BBEB51B0-6F79-4419-B9CE-3BE85EEF8E0A}.Debug|iPhone.ActiveCfg = Debug|Any CPU
		{BBEB51B0-6F79-4419-B9CE-3BE85EEF8E0A}.Debug|iPhone.Build.0 = Debug|Any CPU
		{BBEB51B0-6F79-4419-B9CE-3BE85EEF8E0A}.Debug|iPhone.Deploy.0 = Debug|Any CPU
		{BBEB51B0-6F79-4419-B9CE-3BE85EEF8E0A}.Debug|iPhoneSimulator.ActiveCfg = Debug|Any CPU
		{BBEB51B0-6F79-4419-B9CE-3BE85EEF8E0A}.Debug|iPhoneSimulator.Build.0 = Debug|Any CPU
		{BBEB51B0-6F79-4419-B9CE-3BE85EEF8E0A}.Debug|iPhoneSimulator.Deploy.0 = Debug|Any CPU
		{BBEB51B0-6F79-4419-B9CE-3BE85EEF8E0A}.Debug|x64.ActiveCfg = Debug|Any CPU
		{BBEB51B0-6F79-4419-B9CE-3BE85EEF8E0A}.Debug|x64.Build.0 = Debug|Any CPU
		{BBEB51B0-6F79-4419-B9CE-3BE85EEF8E0A}.Debug|x64.Deploy.0 = Debug|Any CPU
		{BBEB51B0-6F79-4419-B9CE-3BE85EEF8E0A}.Debug|x86.ActiveCfg = Debug|Any CPU
		{BBEB51B0-6F79-4419-B9CE-3BE85EEF8E0A}.Debug|x86.Build.0 = Debug|Any CPU
		{BBEB51B0-6F79-4419-B9CE-3BE85EEF8E0A}.Debug|x86.Deploy.0 = Debug|Any CPU
		{BBEB51B0-6F79-4419-B9CE-3BE85EEF8E0A}.Release|Any CPU.ActiveCfg = Release|Any CPU
		{BBEB51B0-6F79-4419-B9CE-3BE85EEF8E0A}.Release|Any CPU.Build.0 = Release|Any CPU
		{BBEB51B0-6F79-4419-B9CE-3BE85EEF8E0A}.Release|Any CPU.Deploy.0 = Release|Any CPU
		{BBEB51B0-6F79-4419-B9CE-3BE85EEF8E0A}.Release|ARM.ActiveCfg = Release|Any CPU
		{BBEB51B0-6F79-4419-B9CE-3BE85EEF8E0A}.Release|ARM.Build.0 = Release|Any CPU
		{BBEB51B0-6F79-4419-B9CE-3BE85EEF8E0A}.Release|ARM.Deploy.0 = Release|Any CPU
		{BBEB51B0-6F79-4419-B9CE-3BE85EEF8E0A}.Release|iPhone.ActiveCfg = Release|Any CPU
		{BBEB51B0-6F79-4419-B9CE-3BE85EEF8E0A}.Release|iPhone.Build.0 = Release|Any CPU
		{BBEB51B0-6F79-4419-B9CE-3BE85EEF8E0A}.Release|iPhone.Deploy.0 = Release|Any CPU
		{BBEB51B0-6F79-4419-B9CE-3BE85EEF8E0A}.Release|iPhoneSimulator.ActiveCfg = Release|Any CPU
		{BBEB51B0-6F79-4419-B9CE-3BE85EEF8E0A}.Release|iPhoneSimulator.Build.0 = Release|Any CPU
		{BBEB51B0-6F79-4419-B9CE-3BE85EEF8E0A}.Release|iPhoneSimulator.Deploy.0 = Release|Any CPU
		{BBEB51B0-6F79-4419-B9CE-3BE85EEF8E0A}.Release|x64.ActiveCfg = Release|Any CPU
		{BBEB51B0-6F79-4419-B9CE-3BE85EEF8E0A}.Release|x64.Build.0 = Release|Any CPU
		{BBEB51B0-6F79-4419-B9CE-3BE85EEF8E0A}.Release|x64.Deploy.0 = Release|Any CPU
		{BBEB51B0-6F79-4419-B9CE-3BE85EEF8E0A}.Release|x86.ActiveCfg = Release|Any CPU
		{BBEB51B0-6F79-4419-B9CE-3BE85EEF8E0A}.Release|x86.Build.0 = Release|Any CPU
		{BBEB51B0-6F79-4419-B9CE-3BE85EEF8E0A}.Release|x86.Deploy.0 = Release|Any CPU
		{A51091E9-349F-4263-A152-B2FA66E21C33}.Ad-Hoc|Any CPU.ActiveCfg = Ad-Hoc|iPhone
		{A51091E9-349F-4263-A152-B2FA66E21C33}.Ad-Hoc|ARM.ActiveCfg = Ad-Hoc|iPhone
		{A51091E9-349F-4263-A152-B2FA66E21C33}.Ad-Hoc|iPhone.ActiveCfg = Ad-Hoc|iPhone
		{A51091E9-349F-4263-A152-B2FA66E21C33}.Ad-Hoc|iPhone.Build.0 = Ad-Hoc|iPhone
		{A51091E9-349F-4263-A152-B2FA66E21C33}.Ad-Hoc|iPhoneSimulator.ActiveCfg = Ad-Hoc|iPhoneSimulator
		{A51091E9-349F-4263-A152-B2FA66E21C33}.Ad-Hoc|iPhoneSimulator.Build.0 = Ad-Hoc|iPhoneSimulator
		{A51091E9-349F-4263-A152-B2FA66E21C33}.Ad-Hoc|x64.ActiveCfg = Ad-Hoc|iPhone
		{A51091E9-349F-4263-A152-B2FA66E21C33}.Ad-Hoc|x86.ActiveCfg = Ad-Hoc|iPhone
		{A51091E9-349F-4263-A152-B2FA66E21C33}.AppStore|Any CPU.ActiveCfg = AppStore|iPhone
		{A51091E9-349F-4263-A152-B2FA66E21C33}.AppStore|ARM.ActiveCfg = AppStore|iPhone
		{A51091E9-349F-4263-A152-B2FA66E21C33}.AppStore|iPhone.ActiveCfg = AppStore|iPhone
		{A51091E9-349F-4263-A152-B2FA66E21C33}.AppStore|iPhone.Build.0 = AppStore|iPhone
		{A51091E9-349F-4263-A152-B2FA66E21C33}.AppStore|iPhoneSimulator.ActiveCfg = AppStore|iPhoneSimulator
		{A51091E9-349F-4263-A152-B2FA66E21C33}.AppStore|iPhoneSimulator.Build.0 = AppStore|iPhoneSimulator
		{A51091E9-349F-4263-A152-B2FA66E21C33}.AppStore|x64.ActiveCfg = AppStore|iPhone
		{A51091E9-349F-4263-A152-B2FA66E21C33}.AppStore|x86.ActiveCfg = AppStore|iPhone
		{A51091E9-349F-4263-A152-B2FA66E21C33}.Debug|Any CPU.ActiveCfg = Debug|iPhone
		{A51091E9-349F-4263-A152-B2FA66E21C33}.Debug|ARM.ActiveCfg = Debug|iPhone
		{A51091E9-349F-4263-A152-B2FA66E21C33}.Debug|iPhone.ActiveCfg = Debug|iPhone
		{A51091E9-349F-4263-A152-B2FA66E21C33}.Debug|iPhone.Build.0 = Debug|iPhone
		{A51091E9-349F-4263-A152-B2FA66E21C33}.Debug|iPhoneSimulator.ActiveCfg = Debug|iPhoneSimulator
		{A51091E9-349F-4263-A152-B2FA66E21C33}.Debug|iPhoneSimulator.Build.0 = Debug|iPhoneSimulator
		{A51091E9-349F-4263-A152-B2FA66E21C33}.Debug|x64.ActiveCfg = Debug|iPhone
		{A51091E9-349F-4263-A152-B2FA66E21C33}.Debug|x86.ActiveCfg = Debug|iPhone
		{A51091E9-349F-4263-A152-B2FA66E21C33}.Release|Any CPU.ActiveCfg = Release|iPhone
		{A51091E9-349F-4263-A152-B2FA66E21C33}.Release|ARM.ActiveCfg = Release|iPhone
		{A51091E9-349F-4263-A152-B2FA66E21C33}.Release|iPhone.ActiveCfg = Release|iPhone
		{A51091E9-349F-4263-A152-B2FA66E21C33}.Release|iPhone.Build.0 = Release|iPhone
		{A51091E9-349F-4263-A152-B2FA66E21C33}.Release|iPhoneSimulator.ActiveCfg = Release|iPhoneSimulator
		{A51091E9-349F-4263-A152-B2FA66E21C33}.Release|iPhoneSimulator.Build.0 = Release|iPhoneSimulator
		{A51091E9-349F-4263-A152-B2FA66E21C33}.Release|x64.ActiveCfg = Release|iPhone
		{A51091E9-349F-4263-A152-B2FA66E21C33}.Release|x86.ActiveCfg = Release|iPhone
		{A51091E9-349F-4263-A152-B2FA66E21C33}.Debug|Any CPU.Build.0 = Debug|iPhone
		{87321BE5-4340-41F4-990B-A154B62B550B}.Ad-Hoc|Any CPU.ActiveCfg = Release|x86
		{87321BE5-4340-41F4-990B-A154B62B550B}.Ad-Hoc|Any CPU.Build.0 = Release|x86
		{87321BE5-4340-41F4-990B-A154B62B550B}.Ad-Hoc|Any CPU.Deploy.0 = Release|x86
		{87321BE5-4340-41F4-990B-A154B62B550B}.Ad-Hoc|ARM.ActiveCfg = Release|ARM
		{87321BE5-4340-41F4-990B-A154B62B550B}.Ad-Hoc|ARM.Build.0 = Release|ARM
		{87321BE5-4340-41F4-990B-A154B62B550B}.Ad-Hoc|ARM.Deploy.0 = Release|ARM
		{87321BE5-4340-41F4-990B-A154B62B550B}.Ad-Hoc|iPhone.ActiveCfg = Release|x86
		{87321BE5-4340-41F4-990B-A154B62B550B}.Ad-Hoc|iPhone.Build.0 = Release|x86
		{87321BE5-4340-41F4-990B-A154B62B550B}.Ad-Hoc|iPhone.Deploy.0 = Release|x86
		{87321BE5-4340-41F4-990B-A154B62B550B}.Ad-Hoc|iPhoneSimulator.ActiveCfg = Release|x86
		{87321BE5-4340-41F4-990B-A154B62B550B}.Ad-Hoc|iPhoneSimulator.Build.0 = Release|x86
		{87321BE5-4340-41F4-990B-A154B62B550B}.Ad-Hoc|iPhoneSimulator.Deploy.0 = Release|x86
		{87321BE5-4340-41F4-990B-A154B62B550B}.Ad-Hoc|x64.ActiveCfg = Release|x64
		{87321BE5-4340-41F4-990B-A154B62B550B}.Ad-Hoc|x64.Build.0 = Release|x64
		{87321BE5-4340-41F4-990B-A154B62B550B}.Ad-Hoc|x64.Deploy.0 = Release|x64
		{87321BE5-4340-41F4-990B-A154B62B550B}.Ad-Hoc|x86.ActiveCfg = Release|x86
		{87321BE5-4340-41F4-990B-A154B62B550B}.Ad-Hoc|x86.Build.0 = Release|x86
		{87321BE5-4340-41F4-990B-A154B62B550B}.Ad-Hoc|x86.Deploy.0 = Release|x86
		{87321BE5-4340-41F4-990B-A154B62B550B}.AppStore|Any CPU.ActiveCfg = Release|x86
		{87321BE5-4340-41F4-990B-A154B62B550B}.AppStore|Any CPU.Build.0 = Release|x86
		{87321BE5-4340-41F4-990B-A154B62B550B}.AppStore|Any CPU.Deploy.0 = Release|x86
		{87321BE5-4340-41F4-990B-A154B62B550B}.AppStore|ARM.ActiveCfg = Release|ARM
		{87321BE5-4340-41F4-990B-A154B62B550B}.AppStore|ARM.Build.0 = Release|ARM
		{87321BE5-4340-41F4-990B-A154B62B550B}.AppStore|ARM.Deploy.0 = Release|ARM
		{87321BE5-4340-41F4-990B-A154B62B550B}.AppStore|iPhone.ActiveCfg = Release|x86
		{87321BE5-4340-41F4-990B-A154B62B550B}.AppStore|iPhone.Build.0 = Release|x86
		{87321BE5-4340-41F4-990B-A154B62B550B}.AppStore|iPhone.Deploy.0 = Release|x86
		{87321BE5-4340-41F4-990B-A154B62B550B}.AppStore|iPhoneSimulator.ActiveCfg = Release|x86
		{87321BE5-4340-41F4-990B-A154B62B550B}.AppStore|iPhoneSimulator.Build.0 = Release|x86
		{87321BE5-4340-41F4-990B-A154B62B550B}.AppStore|iPhoneSimulator.Deploy.0 = Release|x86
		{87321BE5-4340-41F4-990B-A154B62B550B}.AppStore|x64.ActiveCfg = Release|x64
		{87321BE5-4340-41F4-990B-A154B62B550B}.AppStore|x64.Build.0 = Release|x64
		{87321BE5-4340-41F4-990B-A154B62B550B}.AppStore|x64.Deploy.0 = Release|x64
		{87321BE5-4340-41F4-990B-A154B62B550B}.AppStore|x86.ActiveCfg = Release|x86
		{87321BE5-4340-41F4-990B-A154B62B550B}.AppStore|x86.Build.0 = Release|x86
		{87321BE5-4340-41F4-990B-A154B62B550B}.AppStore|x86.Deploy.0 = Release|x86
		{87321BE5-4340-41F4-990B-A154B62B550B}.Debug|Any CPU.ActiveCfg = Debug|x86
		{87321BE5-4340-41F4-990B-A154B62B550B}.Debug|ARM.ActiveCfg = Debug|ARM
		{87321BE5-4340-41F4-990B-A154B62B550B}.Debug|ARM.Build.0 = Debug|ARM
		{87321BE5-4340-41F4-990B-A154B62B550B}.Debug|ARM.Deploy.0 = Debug|ARM
		{87321BE5-4340-41F4-990B-A154B62B550B}.Debug|iPhone.ActiveCfg = Debug|x86
		{87321BE5-4340-41F4-990B-A154B62B550B}.Debug|iPhoneSimulator.ActiveCfg = Debug|x86
		{87321BE5-4340-41F4-990B-A154B62B550B}.Debug|x64.ActiveCfg = Debug|x64
		{87321BE5-4340-41F4-990B-A154B62B550B}.Debug|x64.Build.0 = Debug|x64
		{87321BE5-4340-41F4-990B-A154B62B550B}.Debug|x64.Deploy.0 = Debug|x64
		{87321BE5-4340-41F4-990B-A154B62B550B}.Debug|x86.ActiveCfg = Debug|x86
		{87321BE5-4340-41F4-990B-A154B62B550B}.Debug|x86.Build.0 = Debug|x86
		{87321BE5-4340-41F4-990B-A154B62B550B}.Debug|x86.Deploy.0 = Debug|x86
		{87321BE5-4340-41F4-990B-A154B62B550B}.Release|Any CPU.ActiveCfg = Release|x86
		{87321BE5-4340-41F4-990B-A154B62B550B}.Release|ARM.ActiveCfg = Release|ARM
		{87321BE5-4340-41F4-990B-A154B62B550B}.Release|ARM.Build.0 = Release|ARM
		{87321BE5-4340-41F4-990B-A154B62B550B}.Release|ARM.Deploy.0 = Release|ARM
		{87321BE5-4340-41F4-990B-A154B62B550B}.Release|iPhone.ActiveCfg = Release|x86
		{87321BE5-4340-41F4-990B-A154B62B550B}.Release|iPhoneSimulator.ActiveCfg = Release|x86
		{87321BE5-4340-41F4-990B-A154B62B550B}.Release|x64.ActiveCfg = Release|x64
		{87321BE5-4340-41F4-990B-A154B62B550B}.Release|x64.Build.0 = Release|x64
		{87321BE5-4340-41F4-990B-A154B62B550B}.Release|x64.Deploy.0 = Release|x64
		{87321BE5-4340-41F4-990B-A154B62B550B}.Release|x86.ActiveCfg = Release|x86
		{87321BE5-4340-41F4-990B-A154B62B550B}.Release|x86.Build.0 = Release|x86
		{87321BE5-4340-41F4-990B-A154B62B550B}.Release|x86.Deploy.0 = Release|x86
		{B51385FD-0878-4887-8D4D-B8F15464267A}.Ad-Hoc|Any CPU.ActiveCfg = Debug|Any CPU
		{B51385FD-0878-4887-8D4D-B8F15464267A}.Ad-Hoc|Any CPU.Build.0 = Debug|Any CPU
		{B51385FD-0878-4887-8D4D-B8F15464267A}.Ad-Hoc|ARM.ActiveCfg = Debug|Any CPU
		{B51385FD-0878-4887-8D4D-B8F15464267A}.Ad-Hoc|ARM.Build.0 = Debug|Any CPU
		{B51385FD-0878-4887-8D4D-B8F15464267A}.Ad-Hoc|iPhone.ActiveCfg = Debug|Any CPU
		{B51385FD-0878-4887-8D4D-B8F15464267A}.Ad-Hoc|iPhone.Build.0 = Debug|Any CPU
		{B51385FD-0878-4887-8D4D-B8F15464267A}.Ad-Hoc|iPhoneSimulator.ActiveCfg = Debug|Any CPU
		{B51385FD-0878-4887-8D4D-B8F15464267A}.Ad-Hoc|iPhoneSimulator.Build.0 = Debug|Any CPU
		{B51385FD-0878-4887-8D4D-B8F15464267A}.Ad-Hoc|x64.ActiveCfg = Debug|Any CPU
		{B51385FD-0878-4887-8D4D-B8F15464267A}.Ad-Hoc|x64.Build.0 = Debug|Any CPU
		{B51385FD-0878-4887-8D4D-B8F15464267A}.Ad-Hoc|x86.ActiveCfg = Debug|Any CPU
		{B51385FD-0878-4887-8D4D-B8F15464267A}.Ad-Hoc|x86.Build.0 = Debug|Any CPU
		{B51385FD-0878-4887-8D4D-B8F15464267A}.AppStore|Any CPU.ActiveCfg = Debug|Any CPU
		{B51385FD-0878-4887-8D4D-B8F15464267A}.AppStore|Any CPU.Build.0 = Debug|Any CPU
		{B51385FD-0878-4887-8D4D-B8F15464267A}.AppStore|ARM.ActiveCfg = Debug|Any CPU
		{B51385FD-0878-4887-8D4D-B8F15464267A}.AppStore|ARM.Build.0 = Debug|Any CPU
		{B51385FD-0878-4887-8D4D-B8F15464267A}.AppStore|iPhone.ActiveCfg = Debug|Any CPU
		{B51385FD-0878-4887-8D4D-B8F15464267A}.AppStore|iPhone.Build.0 = Debug|Any CPU
		{B51385FD-0878-4887-8D4D-B8F15464267A}.AppStore|iPhoneSimulator.ActiveCfg = Debug|Any CPU
		{B51385FD-0878-4887-8D4D-B8F15464267A}.AppStore|iPhoneSimulator.Build.0 = Debug|Any CPU
		{B51385FD-0878-4887-8D4D-B8F15464267A}.AppStore|x64.ActiveCfg = Debug|Any CPU
		{B51385FD-0878-4887-8D4D-B8F15464267A}.AppStore|x64.Build.0 = Debug|Any CPU
		{B51385FD-0878-4887-8D4D-B8F15464267A}.AppStore|x86.ActiveCfg = Debug|Any CPU
		{B51385FD-0878-4887-8D4D-B8F15464267A}.AppStore|x86.Build.0 = Debug|Any CPU
		{B51385FD-0878-4887-8D4D-B8F15464267A}.Debug|Any CPU.ActiveCfg = Debug|Any CPU
		{B51385FD-0878-4887-8D4D-B8F15464267A}.Debug|Any CPU.Build.0 = Debug|Any CPU
		{B51385FD-0878-4887-8D4D-B8F15464267A}.Debug|ARM.ActiveCfg = Debug|Any CPU
		{B51385FD-0878-4887-8D4D-B8F15464267A}.Debug|ARM.Build.0 = Debug|Any CPU
		{B51385FD-0878-4887-8D4D-B8F15464267A}.Debug|iPhone.ActiveCfg = Debug|Any CPU
		{B51385FD-0878-4887-8D4D-B8F15464267A}.Debug|iPhone.Build.0 = Debug|Any CPU
		{B51385FD-0878-4887-8D4D-B8F15464267A}.Debug|iPhoneSimulator.ActiveCfg = Debug|Any CPU
		{B51385FD-0878-4887-8D4D-B8F15464267A}.Debug|iPhoneSimulator.Build.0 = Debug|Any CPU
		{B51385FD-0878-4887-8D4D-B8F15464267A}.Debug|x64.ActiveCfg = Debug|Any CPU
		{B51385FD-0878-4887-8D4D-B8F15464267A}.Debug|x64.Build.0 = Debug|Any CPU
		{B51385FD-0878-4887-8D4D-B8F15464267A}.Debug|x86.ActiveCfg = Debug|Any CPU
		{B51385FD-0878-4887-8D4D-B8F15464267A}.Debug|x86.Build.0 = Debug|Any CPU
		{B51385FD-0878-4887-8D4D-B8F15464267A}.Release|Any CPU.ActiveCfg = Release|Any CPU
		{B51385FD-0878-4887-8D4D-B8F15464267A}.Release|Any CPU.Build.0 = Release|Any CPU
		{B51385FD-0878-4887-8D4D-B8F15464267A}.Release|ARM.ActiveCfg = Release|Any CPU
		{B51385FD-0878-4887-8D4D-B8F15464267A}.Release|ARM.Build.0 = Release|Any CPU
		{B51385FD-0878-4887-8D4D-B8F15464267A}.Release|iPhone.ActiveCfg = Release|Any CPU
		{B51385FD-0878-4887-8D4D-B8F15464267A}.Release|iPhone.Build.0 = Release|Any CPU
		{B51385FD-0878-4887-8D4D-B8F15464267A}.Release|iPhoneSimulator.ActiveCfg = Release|Any CPU
		{B51385FD-0878-4887-8D4D-B8F15464267A}.Release|iPhoneSimulator.Build.0 = Release|Any CPU
		{B51385FD-0878-4887-8D4D-B8F15464267A}.Release|x64.ActiveCfg = Release|Any CPU
		{B51385FD-0878-4887-8D4D-B8F15464267A}.Release|x64.Build.0 = Release|Any CPU
		{B51385FD-0878-4887-8D4D-B8F15464267A}.Release|x86.ActiveCfg = Release|Any CPU
		{B51385FD-0878-4887-8D4D-B8F15464267A}.Release|x86.Build.0 = Release|Any CPU
	EndGlobalSection
	GlobalSection(SolutionProperties) = preSolution
		HideSolutionNode = FALSE
	EndGlobalSection
	GlobalSection(ExtensibilityGlobals) = postSolution
		SolutionGuid = {FB7B7D02-67FE-42D5-BA66-DF0F552374C7}
	EndGlobalSection
	GlobalSection(NestedProjects) = preSolution
		{BBEB51B0-6F79-4419-B9CE-3BE85EEF8E0A} = {5ACCC2CC-4456-43CC-8E57-626BB1FFF49D}
		{A51091E9-349F-4263-A152-B2FA66E21C33} = {5ACCC2CC-4456-43CC-8E57-626BB1FFF49D}
		{87321BE5-4340-41F4-990B-A154B62B550B} = {5ACCC2CC-4456-43CC-8E57-626BB1FFF49D}
	EndGlobalSection
EndGlobal
